
Microsoft Visual Studio Solution File, Format Version 12.00
# Visual Studio Version 17
VisualStudioVersion = 17.7.34024.191
MinimumVisualStudioVersion = 10.0.40219.1
Project("{FAE04EC0-301F-11D3-BF4B-00C04F79EFBC}") = "Start menu", "Start menu.csproj", "{3484DD3E-D3F3-495D-9D95-9E176818D6E7}"
EndProject
Global
	GlobalSection(SolutionConfigurationPlatforms) = preSolution
		Debug|Any CPU = Debug|Any CPU
		Release|Any CPU = Release|Any CPU
	EndGlobalSection
	GlobalSection(ProjectConfigurationPlatforms) = postSolution
		{3484DD3E-D3F3-495D-9D95-9E176818D6E7}.Debug|Any CPU.ActiveCfg = Debug|Any CPU
		{3484DD3E-D3F3-495D-9D95-9E176818D6E7}.Debug|Any CPU.Build.0 = Debug|Any CPU
		{3484DD3E-D3F3-495D-9D95-9E176818D6E7}.Release|Any CPU.ActiveCfg = Release|Any CPU
		{3484DD3E-D3F3-495D-9D95-9E176818D6E7}.Release|Any CPU.Build.0 = Release|Any CPU
	EndGlobalSection
	GlobalSection(SolutionProperties) = preSolution
		HideSolutionNode = FALSE
	EndGlobalSection
	GlobalSection(ExtensibilityGlobals) = postSolution
		SolutionGuid = {C1DE44AC-17CF-46E0-94D9-C4327F7BDF28}
	EndGlobalSection
EndGlobal
